
Microsoft Visual Studio Solution File, Format Version 12.00
# Visual Studio Version 16
VisualStudioVersion = 16.0.33927.289
MinimumVisualStudioVersion = 10.0.40219.1
Project("{2150E333-8FDC-42A3-9474-1A3956D46DE8}") = "Task0", "Task0", "{D0555871-E8CF-4CE2-9FEC-5E4AFDDF0E9A}"
EndProject
Project("{FAE04EC0-301F-11D3-BF4B-00C04F79EFBC}") = "Tyuiu.PoleschukKR.Sprint0.Task0.V0", "Tyuiu.PoleschukKR.Sprint0.Task0.V0\Tyuiu.PoleschukKR.Sprint0.Task0.V0.csproj", "{F61CB4A2-90CB-42EC-BA4B-14667E075B37}"
EndProject
Project("{2150E333-8FDC-42A3-9474-1A3956D46DE8}") = "Task1", "Task1", "{83319764-5D48-46F1-86AF-98E1A047A32F}"
EndProject
Project("{FAE04EC0-301F-11D3-BF4B-00C04F79EFBC}") = "Tyuiu.PoleschukKR.Sprint0.Task1.V0", "Tyuiu.PoleschukKR.Sprint0.Task1.V0\Tyuiu.PoleschukKR.Sprint0.Task1.V0.csproj", "{2A2CB576-9EB7-41BD-B910-0FE6F2B6BAC5}"
EndProject
Project("{2150E333-8FDC-42A3-9474-1A3956D46DE8}") = "Task2", "Task2", "{77F32EE8-8566-4269-9AC7-BF843F69BE6B}"
EndProject
Project("{FAE04EC0-301F-11D3-BF4B-00C04F79EFBC}") = "Tyuiu.PoleschukKR.Sprint0.Task2.V0", "Tyuiu.PoleschukKR.Sprint0.Task2.V0\Tyuiu.PoleschukKR.Sprint0.Task2.V0.csproj", "{FE76B7B6-2670-4DBB-9B42-0396E128EC0D}"
EndProject
Project("{FAE04EC0-301F-11D3-BF4B-00C04F79EFBC}") = "Tyuiu.PoleschukKR.Sprint0.Task2.V0.Lib", "Tyuiu.PoleschukKR.Sprint0.Task2.V0.Lib\Tyuiu.PoleschukKR.Sprint0.Task2.V0.Lib.csproj", "{67FAA2A5-D44C-4087-9009-51F7785DE207}"
EndProject
Project("{FAE04EC0-301F-11D3-BF4B-00C04F79EFBC}") = "Tyuiu.PoleschukKR.Sprint0.Task2.V0.Test", "Tyuiu.PoleschukKR.Sprint0.Task2.V0.Test\Tyuiu.PoleschukKR.Sprint0.Task2.V0.Test.csproj", "{05A23A6B-6EEC-4DD9-B06D-0114EFB95FB8}"
EndProject
Project("{2150E333-8FDC-42A3-9474-1A3956D46DE8}") = "Task3", "Task3", "{9FD6853A-F6F2-4C2C-A6B7-2A461355824C}"
EndProject
Project("{FAE04EC0-301F-11D3-BF4B-00C04F79EFBC}") = "Tyuiu.PoleschukKR.Sprint0.Task3.V0", "Tyuiu.PoleschukKR.Sprint0.Task3.V0\Tyuiu.PoleschukKR.Sprint0.Task3.V0.csproj", "{3C3A39D3-DBEE-4A97-869A-BBF8D14B10E1}"
EndProject
Project("{FAE04EC0-301F-11D3-BF4B-00C04F79EFBC}") = "Tyuiu.PoleschukKR.Sprint0.Task3.V0.Lib", "Tyuiu.PoleschukKR.Sprint0.Task3.V0.Lib\Tyuiu.PoleschukKR.Sprint0.Task3.V0.Lib.csproj", "{4560401C-DF75-4043-8705-8ECEC14E78E1}"
EndProject
Project("{FAE04EC0-301F-11D3-BF4B-00C04F79EFBC}") = "Tyuiu.PoleschukKR.Sprint0.Task3.V0.Test", "Tyuiu.PoleschukKR.Sprint0.Task3.V0.Test\Tyuiu.PoleschukKR.Sprint0.Task3.V0.Test.csproj", "{C3582BB6-B7C3-49B8-9E8D-79E949EB76F8}"
EndProject
Project("{2150E333-8FDC-42A3-9474-1A3956D46DE8}") = "Task4", "Task4", "{8591B16D-DBE2-4A3A-8FB3-EDE9E3D869AA}"
EndProject
Project("{FAE04EC0-301F-11D3-BF4B-00C04F79EFBC}") = "Tyuiu.PoleschukKR.Sprint0.Task4.V0", "Tyuiu.PoleschukKR.Sprint0.Task4.V0\Tyuiu.PoleschukKR.Sprint0.Task4.V0.csproj", "{742887D8-D07A-446D-8080-CB9CB21752DF}"
EndProject
Project("{FAE04EC0-301F-11D3-BF4B-00C04F79EFBC}") = "Tyuiu.PoleschukKR.Sprint0.Task4.V0.Lib", "Tyuiu.PoleschukKR.Sprint0.Task4.V0.Lib\Tyuiu.PoleschukKR.Sprint0.Task4.V0.Lib.csproj", "{6DFA5C14-5F71-4625-9157-B063BF110134}"
EndProject
Project("{FAE04EC0-301F-11D3-BF4B-00C04F79EFBC}") = "Tyuiu.PoleschukKR.Sprint0.Task4.V0.Test", "Tyuiu.PoleschukKR.Sprint0.Task4.V0.Test\Tyuiu.PoleschukKR.Sprint0.Task4.V0.Test.csproj", "{D5F9E5D2-7AF3-4E77-975C-715AD675F308}"
EndProject
Global
	GlobalSection(SolutionConfigurationPlatforms) = preSolution
		Debug|Any CPU = Debug|Any CPU
		Release|Any CPU = Release|Any CPU
	EndGlobalSection
	GlobalSection(ProjectConfigurationPlatforms) = postSolution
		{F61CB4A2-90CB-42EC-BA4B-14667E075B37}.Debug|Any CPU.ActiveCfg = Debug|Any CPU
		{F61CB4A2-90CB-42EC-BA4B-14667E075B37}.Debug|Any CPU.Build.0 = Debug|Any CPU
		{F61CB4A2-90CB-42EC-BA4B-14667E075B37}.Release|Any CPU.ActiveCfg = Release|Any CPU
		{F61CB4A2-90CB-42EC-BA4B-14667E075B37}.Release|Any CPU.Build.0 = Release|Any CPU
		{2A2CB576-9EB7-41BD-B910-0FE6F2B6BAC5}.Debug|Any CPU.ActiveCfg = Debug|Any CPU
		{2A2CB576-9EB7-41BD-B910-0FE6F2B6BAC5}.Debug|Any CPU.Build.0 = Debug|Any CPU
		{2A2CB576-9EB7-41BD-B910-0FE6F2B6BAC5}.Release|Any CPU.ActiveCfg = Release|Any CPU
		{2A2CB576-9EB7-41BD-B910-0FE6F2B6BAC5}.Release|Any CPU.Build.0 = Release|Any CPU
		{FE76B7B6-2670-4DBB-9B42-0396E128EC0D}.Debug|Any CPU.ActiveCfg = Debug|Any CPU
		{FE76B7B6-2670-4DBB-9B42-0396E128EC0D}.Debug|Any CPU.Build.0 = Debug|Any CPU
		{FE76B7B6-2670-4DBB-9B42-0396E128EC0D}.Release|Any CPU.ActiveCfg = Release|Any CPU
		{FE76B7B6-2670-4DBB-9B42-0396E128EC0D}.Release|Any CPU.Build.0 = Release|Any CPU
		{67FAA2A5-D44C-4087-9009-51F7785DE207}.Debug|Any CPU.ActiveCfg = Debug|Any CPU
		{67FAA2A5-D44C-4087-9009-51F7785DE207}.Debug|Any CPU.Build.0 = Debug|Any CPU
		{67FAA2A5-D44C-4087-9009-51F7785DE207}.Release|Any CPU.ActiveCfg = Release|Any CPU
		{67FAA2A5-D44C-4087-9009-51F7785DE207}.Release|Any CPU.Build.0 = Release|Any CPU
		{05A23A6B-6EEC-4DD9-B06D-0114EFB95FB8}.Debug|Any CPU.ActiveCfg = Debug|Any CPU
		{05A23A6B-6EEC-4DD9-B06D-0114EFB95FB8}.Debug|Any CPU.Build.0 = Debug|Any CPU
		{05A23A6B-6EEC-4DD9-B06D-0114EFB95FB8}.Release|Any CPU.ActiveCfg = Release|Any CPU
		{05A23A6B-6EEC-4DD9-B06D-0114EFB95FB8}.Release|Any CPU.Build.0 = Release|Any CPU
		{3C3A39D3-DBEE-4A97-869A-BBF8D14B10E1}.Debug|Any CPU.ActiveCfg = Debug|Any CPU
		{3C3A39D3-DBEE-4A97-869A-BBF8D14B10E1}.Debug|Any CPU.Build.0 = Debug|Any CPU
		{3C3A39D3-DBEE-4A97-869A-BBF8D14B10E1}.Release|Any CPU.ActiveCfg = Release|Any CPU
		{3C3A39D3-DBEE-4A97-869A-BBF8D14B10E1}.Release|Any CPU.Build.0 = Release|Any CPU
		{4560401C-DF75-4043-8705-8ECEC14E78E1}.Debug|Any CPU.ActiveCfg = Debug|Any CPU
		{4560401C-DF75-4043-8705-8ECEC14E78E1}.Debug|Any CPU.Build.0 = Debug|Any CPU
		{4560401C-DF75-4043-8705-8ECEC14E78E1}.Release|Any CPU.ActiveCfg = Release|Any CPU
		{4560401C-DF75-4043-8705-8ECEC14E78E1}.Release|Any CPU.Build.0 = Release|Any CPU
		{C3582BB6-B7C3-49B8-9E8D-79E949EB76F8}.Debug|Any CPU.ActiveCfg = Debug|Any CPU
		{C3582BB6-B7C3-49B8-9E8D-79E949EB76F8}.Debug|Any CPU.Build.0 = Debug|Any CPU
		{C3582BB6-B7C3-49B8-9E8D-79E949EB76F8}.Release|Any CPU.ActiveCfg = Release|Any CPU
		{C3582BB6-B7C3-49B8-9E8D-79E949EB76F8}.Release|Any CPU.Build.0 = Release|Any CPU
		{742887D8-D07A-446D-8080-CB9CB21752DF}.Debug|Any CPU.ActiveCfg = Debug|Any CPU
		{742887D8-D07A-446D-8080-CB9CB21752DF}.Debug|Any CPU.Build.0 = Debug|Any CPU
		{742887D8-D07A-446D-8080-CB9CB21752DF}.Release|Any CPU.ActiveCfg = Release|Any CPU
		{742887D8-D07A-446D-8080-CB9CB21752DF}.Release|Any CPU.Build.0 = Release|Any CPU
		{6DFA5C14-5F71-4625-9157-B063BF110134}.Debug|Any CPU.ActiveCfg = Debug|Any CPU
		{6DFA5C14-5F71-4625-9157-B063BF110134}.Debug|Any CPU.Build.0 = Debug|Any CPU
		{6DFA5C14-5F71-4625-9157-B063BF110134}.Release|Any CPU.ActiveCfg = Release|Any CPU
		{6DFA5C14-5F71-4625-9157-B063BF110134}.Release|Any CPU.Build.0 = Release|Any CPU
		{D5F9E5D2-7AF3-4E77-975C-715AD675F308}.Debug|Any CPU.ActiveCfg = Debug|Any CPU
		{D5F9E5D2-7AF3-4E77-975C-715AD675F308}.Debug|Any CPU.Build.0 = Debug|Any CPU
		{D5F9E5D2-7AF3-4E77-975C-715AD675F308}.Release|Any CPU.ActiveCfg = Release|Any CPU
		{D5F9E5D2-7AF3-4E77-975C-715AD675F308}.Release|Any CPU.Build.0 = Release|Any CPU
	EndGlobalSection
	GlobalSection(SolutionProperties) = preSolution
		HideSolutionNode = FALSE
	EndGlobalSection
	GlobalSection(NestedProjects) = preSolution
		{F61CB4A2-90CB-42EC-BA4B-14667E075B37} = {D0555871-E8CF-4CE2-9FEC-5E4AFDDF0E9A}
		{2A2CB576-9EB7-41BD-B910-0FE6F2B6BAC5} = {83319764-5D48-46F1-86AF-98E1A047A32F}
		{FE76B7B6-2670-4DBB-9B42-0396E128EC0D} = {77F32EE8-8566-4269-9AC7-BF843F69BE6B}
		{67FAA2A5-D44C-4087-9009-51F7785DE207} = {77F32EE8-8566-4269-9AC7-BF843F69BE6B}
		{05A23A6B-6EEC-4DD9-B06D-0114EFB95FB8} = {77F32EE8-8566-4269-9AC7-BF843F69BE6B}
		{3C3A39D3-DBEE-4A97-869A-BBF8D14B10E1} = {9FD6853A-F6F2-4C2C-A6B7-2A461355824C}
		{4560401C-DF75-4043-8705-8ECEC14E78E1} = {9FD6853A-F6F2-4C2C-A6B7-2A461355824C}
		{C3582BB6-B7C3-49B8-9E8D-79E949EB76F8} = {9FD6853A-F6F2-4C2C-A6B7-2A461355824C}
		{742887D8-D07A-446D-8080-CB9CB21752DF} = {8591B16D-DBE2-4A3A-8FB3-EDE9E3D869AA}
		{6DFA5C14-5F71-4625-9157-B063BF110134} = {8591B16D-DBE2-4A3A-8FB3-EDE9E3D869AA}
		{D5F9E5D2-7AF3-4E77-975C-715AD675F308} = {8591B16D-DBE2-4A3A-8FB3-EDE9E3D869AA}
	EndGlobalSection
	GlobalSection(ExtensibilityGlobals) = postSolution
		SolutionGuid = {47E9EDEE-C9E3-4F9A-8C72-CE2E931C572E}
	EndGlobalSection
EndGlobal
